
Microsoft Visual Studio Solution File, Format Version 12.00
# Visual Studio Version 16
VisualStudioVersion = 16.0.31205.134
MinimumVisualStudioVersion = 10.0.40219.1
Project("{2150E333-8FDC-42A3-9474-1A3956D46DE8}") = "src", "src", "{B15AB883-71C5-400E-B7F1-3CFFEA1B2820}"
EndProject
Project("{2150E333-8FDC-42A3-9474-1A3956D46DE8}") = "API", "API", "{069DCE14-B6FC-4C10-BCBD-C6726B3013A0}"
EndProject
Project("{2150E333-8FDC-42A3-9474-1A3956D46DE8}") = "Core", "Core", "{E98CEE2B-1A96-4400-9A1E-8A28D7EA90BD}"
EndProject
Project("{2150E333-8FDC-42A3-9474-1A3956D46DE8}") = "Infrastructure", "Infrastructure", "{6ACBB32E-1B27-44D6-9439-3549958FC726}"
EndProject
Project("{2150E333-8FDC-42A3-9474-1A3956D46DE8}") = "UI", "UI", "{54EA226F-AD31-4FC9-A9C0-1750A25E0E48}"
EndProject
Project("{9A19103F-16F7-4668-BE54-9A1E7A4F7556}") = "ResPi.PitchManagement.Domain", "ResPi.PitchManagement.Domain\ResPi.PitchManagement.Domain.csproj", "{F8C34D32-5C88-4AB9-9261-43622A92CC6A}"
EndProject
Project("{9A19103F-16F7-4668-BE54-9A1E7A4F7556}") = "ResPi.PitchManagement.Application", "ResPi.PitchManagement.Application\ResPi.PitchManagement.Application.csproj", "{FDF263ED-99A3-4376-BA87-DC4A5D34050A}"
EndProject
Project("{9A19103F-16F7-4668-BE54-9A1E7A4F7556}") = "ResPi.PitchManagement.Persistence", "ResPi.PitchManagement.Persistence\ResPi.PitchManagement.Persistence.csproj", "{E094A045-387C-4EAB-ABC0-05F528C07CF4}"
EndProject
Project("{9A19103F-16F7-4668-BE54-9A1E7A4F7556}") = "ResPi.PitchManagement.Infrastructure", "ResPi.PitchManagement.Infrastructure\ResPi.PitchManagement.Infrastructure.csproj", "{4CED8247-7D03-4BE7-B72E-C27B8B5278B7}"
EndProject
Project("{FAE04EC0-301F-11D3-BF4B-00C04F79EFBC}") = "ResPi.PitchManagement.Api", "ResPi.PitchManagement.Api\ResPi.PitchManagement.Api.csproj", "{E05DAF40-E802-4D97-8C0D-E58C87A8767C}"
EndProject
Global
	GlobalSection(SolutionConfigurationPlatforms) = preSolution
		Debug|Any CPU = Debug|Any CPU
		Release|Any CPU = Release|Any CPU
	EndGlobalSection
	GlobalSection(ProjectConfigurationPlatforms) = postSolution
		{F8C34D32-5C88-4AB9-9261-43622A92CC6A}.Debug|Any CPU.ActiveCfg = Debug|Any CPU
		{F8C34D32-5C88-4AB9-9261-43622A92CC6A}.Debug|Any CPU.Build.0 = Debug|Any CPU
		{F8C34D32-5C88-4AB9-9261-43622A92CC6A}.Release|Any CPU.ActiveCfg = Release|Any CPU
		{F8C34D32-5C88-4AB9-9261-43622A92CC6A}.Release|Any CPU.Build.0 = Release|Any CPU
		{FDF263ED-99A3-4376-BA87-DC4A5D34050A}.Debug|Any CPU.ActiveCfg = Debug|Any CPU
		{FDF263ED-99A3-4376-BA87-DC4A5D34050A}.Debug|Any CPU.Build.0 = Debug|Any CPU
		{FDF263ED-99A3-4376-BA87-DC4A5D34050A}.Release|Any CPU.ActiveCfg = Release|Any CPU
		{FDF263ED-99A3-4376-BA87-DC4A5D34050A}.Release|Any CPU.Build.0 = Release|Any CPU
		{E094A045-387C-4EAB-ABC0-05F528C07CF4}.Debug|Any CPU.ActiveCfg = Debug|Any CPU
		{E094A045-387C-4EAB-ABC0-05F528C07CF4}.Debug|Any CPU.Build.0 = Debug|Any CPU
		{E094A045-387C-4EAB-ABC0-05F528C07CF4}.Release|Any CPU.ActiveCfg = Release|Any CPU
		{E094A045-387C-4EAB-ABC0-05F528C07CF4}.Release|Any CPU.Build.0 = Release|Any CPU
		{4CED8247-7D03-4BE7-B72E-C27B8B5278B7}.Debug|Any CPU.ActiveCfg = Debug|Any CPU
		{4CED8247-7D03-4BE7-B72E-C27B8B5278B7}.Debug|Any CPU.Build.0 = Debug|Any CPU
		{4CED8247-7D03-4BE7-B72E-C27B8B5278B7}.Release|Any CPU.ActiveCfg = Release|Any CPU
		{4CED8247-7D03-4BE7-B72E-C27B8B5278B7}.Release|Any CPU.Build.0 = Release|Any CPU
		{E05DAF40-E802-4D97-8C0D-E58C87A8767C}.Debug|Any CPU.ActiveCfg = Debug|Any CPU
		{E05DAF40-E802-4D97-8C0D-E58C87A8767C}.Debug|Any CPU.Build.0 = Debug|Any CPU
		{E05DAF40-E802-4D97-8C0D-E58C87A8767C}.Release|Any CPU.ActiveCfg = Release|Any CPU
		{E05DAF40-E802-4D97-8C0D-E58C87A8767C}.Release|Any CPU.Build.0 = Release|Any CPU
	EndGlobalSection
	GlobalSection(SolutionProperties) = preSolution
		HideSolutionNode = FALSE
	EndGlobalSection
	GlobalSection(NestedProjects) = preSolution
		{069DCE14-B6FC-4C10-BCBD-C6726B3013A0} = {B15AB883-71C5-400E-B7F1-3CFFEA1B2820}
		{E98CEE2B-1A96-4400-9A1E-8A28D7EA90BD} = {B15AB883-71C5-400E-B7F1-3CFFEA1B2820}
		{6ACBB32E-1B27-44D6-9439-3549958FC726} = {B15AB883-71C5-400E-B7F1-3CFFEA1B2820}
		{54EA226F-AD31-4FC9-A9C0-1750A25E0E48} = {B15AB883-71C5-400E-B7F1-3CFFEA1B2820}
		{F8C34D32-5C88-4AB9-9261-43622A92CC6A} = {E98CEE2B-1A96-4400-9A1E-8A28D7EA90BD}
		{FDF263ED-99A3-4376-BA87-DC4A5D34050A} = {E98CEE2B-1A96-4400-9A1E-8A28D7EA90BD}
		{E094A045-387C-4EAB-ABC0-05F528C07CF4} = {6ACBB32E-1B27-44D6-9439-3549958FC726}
		{4CED8247-7D03-4BE7-B72E-C27B8B5278B7} = {6ACBB32E-1B27-44D6-9439-3549958FC726}
		{E05DAF40-E802-4D97-8C0D-E58C87A8767C} = {069DCE14-B6FC-4C10-BCBD-C6726B3013A0}
	EndGlobalSection
	GlobalSection(ExtensibilityGlobals) = postSolution
		SolutionGuid = {7F0B13F7-72F8-4429-B3C8-5A0D9D6D1956}
	EndGlobalSection
EndGlobal
